Microsoft Visual Studio Solution File, Format Version 12.00
# Visual Studio Version 17
VisualStudioVersion = 17.5.2.0
MinimumVisualStudioVersion = 10.0.40219.1
Project("{FAE04EC0-301F-11D3-BF4B-00C04F79EFBC}") = "LoginService", "LoginService.csproj", "{1AC36D97-2039-A07F-1D5E-1BF792CC6055}"
EndProject
Global
	GlobalSection(SolutionConfigurationPlatforms) = preSolution
		Debug|Any CPU = Debug|Any CPU
		Release|Any CPU = Release|Any CPU
	EndGlobalSection
	GlobalSection(ProjectConfigurationPlatforms) = postSolution
		{1AC36D97-2039-A07F-1D5E-1BF792CC6055}.Debug|Any CPU.ActiveCfg = Debug|Any CPU
		{1AC36D97-2039-A07F-1D5E-1BF792CC6055}.Debug|Any CPU.Build.0 = Debug|Any CPU
		{1AC36D97-2039-A07F-1D5E-1BF792CC6055}.Release|Any CPU.ActiveCfg = Release|Any CPU
		{1AC36D97-2039-A07F-1D5E-1BF792CC6055}.Release|Any CPU.Build.0 = Release|Any CPU
	EndGlobalSection
	GlobalSection(SolutionProperties) = preSolution
		HideSolutionNode = FALSE
	EndGlobalSection
	GlobalSection(ExtensibilityGlobals) = postSolution
		SolutionGuid = {4558AD5D-BD20-4AB1-98A4-02753F398074}
	EndGlobalSection
EndGlobal
